---
lockfileVersion: '9.0'

importers:

  .:
    configDependencies: {}
    packageManagerDependencies:
      pnpm:
        specifier: 12.3.4
        version: 12.3.4

packages:

  '@pnpm/exe.darwin-arm64@12.3.4':
    resolution: {integrity: sha512-PAyUol8T1+/+ViOiXAt51ECA+QnfXCqz6foL4bW+LsoX0NcVd5XVEM2mRQu+LV4oc7uRz9zf9U0P+XFfuQeDAw==}
    cpu: [arm64]
    os: [darwin]

  '@pnpm/exe.darwin-x64@12.3.4':
    resolution: {integrity: sha512-fxP9JCk0Cdye+ePuj+GJJLMUMTqHGWRdb1dtv4How876uQ2ehxvenpgiYAir/ceO9PsYUZkFTtyZdx+rRu5QOA==}
    cpu: [x64]
    os: [darwin]

  '@pnpm/exe.linux-arm64-musl@12.3.4':
    resolution: {integrity: sha512-FBOt0/7ye6O6q4AllVV5QMviB6qE6fqkeczV/+MDWQsmo+QJrlfsh6X7CpH/tClVpBZEyIbjpUoT8bNhCYBxEg==}
    cpu: [arm64]
    os: [linux]
    libc: [musl]

  '@pnpm/exe.linux-arm64@12.3.4':
    resolution: {integrity: sha512-t71AVA7LRqiKTyZ5xMYaZc2n5DfdpMbfokZuiIOXHBOM03ECnF0t4iYwaBDqJgVjlKYUOwaF/bRQajGNA4cJ4w==}
    cpu: [arm64]
    os: [linux]
    libc: [glibc]

  '@pnpm/exe.linux-x64-musl@12.3.4':
    resolution: {integrity: sha512-RPmk7Jb/aYaFvL2iyDN/AtMY+hUEsue732WmXpcuQ9tBpMnGyA5py7Z3+e+qmQaJ0zY/4ni9jJiyPBQHujmv6w==}
    cpu: [x64]
    os: [linux]
    libc: [musl]

  '@pnpm/exe.linux-x64@12.3.4':
    resolution: {integrity: sha512-2ZqOlSPkfwX1h5cR+FPiWf8+F+2hZT/3TvhUK5sigHqwaQCIiq8R7CGxhndKs63JtcLi2a1Qpo+wX/EoyfjyJQ==}
    cpu: [x64]
    os: [linux]
    libc: [glibc]

  '@pnpm/exe.win32-arm64@12.3.4':
    resolution: {integrity: sha512-ANyrHqyqco6SXBysUTRF74itDyyraea7IbFsKFdNXTjcFnfycTDx37EwuhdpPYFNSIh2JhUG4fByclsRfiHX7w==}
    cpu: [arm64]
    os: [win32]

  '@pnpm/exe.win32-x64@12.3.4':
    resolution: {integrity: sha512-WH/KqBPY/hq2Tb7SgQltEZytimcjgKRaCRL/aM9CI0c67iKc5TVmHUhIiL3Ux9FB4bWn36i6XewUcScQI+zG8w==}
    cpu: [x64]
    os: [win32]

  pnpm@12.3.4:
    resolution: {integrity: sha512-lhqkH7B32joEpEHZ+OFevAyW2o73ELLrZ7+e58sGEOq9SPH9hfUc/+c4RnhfoPh8VqOocqHYk/hEZ0G1zORUVw==}
    engines: {node: '>=18.*'}
    hasBin: true

snapshots:

  '@pnpm/exe.darwin-arm64@12.3.4':
    optional: true

  '@pnpm/exe.darwin-x64@12.3.4':
    optional: true

  '@pnpm/exe.linux-arm64-musl@12.3.4':
    optional: true

  '@pnpm/exe.linux-arm64@12.3.4':
    optional: true

  '@pnpm/exe.linux-x64-musl@12.3.4':
    optional: true

  '@pnpm/exe.linux-x64@12.3.4':
    optional: true

  '@pnpm/exe.win32-arm64@12.3.4':
    optional: true

  '@pnpm/exe.win32-x64@12.3.4':
    optional: true

  pnpm@12.3.4:
    optionalDependencies:
      '@pnpm/exe.darwin-arm64': 12.3.4
      '@pnpm/exe.darwin-x64': 12.3.4
      '@pnpm/exe.linux-arm64': 12.3.4
      '@pnpm/exe.linux-arm64-musl': 12.3.4
      '@pnpm/exe.linux-x64': 12.3.4
      '@pnpm/exe.linux-x64-musl': 12.3.4
      '@pnpm/exe.win32-arm64': 12.3.4
      '@pnpm/exe.win32-x64': 12.3.4

---
lockfileVersion: '9.0'

settings:
  autoInstallPeers: true
  excludeLinksFromLockfile: false

importers:

  .:
    dependencies:
      events:
        specifier: ^3.3.0
        version: 3.3.0
      jszip:
        specifier: ^3.10.2
        version: 3.10.2
      lamejs:
        specifier: ^1.2.1
        version: 1.2.1
      moment:
        specifier: ^2.31.0
        version: 2.31.0
      wasm-media-encoders:
        specifier: ^0.7.0
        version: 0.7.0
      webmidi:
        specifier: ^3.3.1
        version: 3.3.1
    devDependencies:
      '@types/node':
        specifier: ^26.6.3
        version: 26.6.3
      typedoc:
        specifier: ^0.28.20
        version: 0.28.20(typescript@5.9.3)
      typescript:
        specifier: ^5.9.3
        version: 5.9.3
      web-audio-api:
        specifier: 1.5.6
        version: 1.5.6

packages:

  '@audio/decode-aac@1.5.0':
    resolution: {integrity: sha512-MMFWCdBvhsa0K4wUsO1Aqe/YKOWHmoI53HjCXRH8lCnukPRLZZ1dRLK5RHMvFq0YleFyMW3a5cT7rKtHTxNEzg==}
    engines: {node: '>=18'}

  '@audio/decode-ac3@1.0.0':
    resolution: {integrity: sha512-GR2PLqxxrybNRwdA3/ZazB4ZWz7yQNihYtjuigGfEpSqKt95FnUgjIVfE7aJmznvxa6voq8Mou6NvSoTqH104g==}
    engines: {node: '>=18'}

  '@audio/decode-aiff@1.3.0':
    resolution: {integrity: sha512-GgCNYZMmma5Xol8lxqDZQ7qFYsIpfWn8LXKPZ8ZR6IaVOs1O+nCge/Bli1tNZSEucgG6mWh4Jvw+/XL6eXbwWw==}
    engines: {node: '>=18'}

  '@audio/decode-amr@1.3.1':
    resolution: {integrity: sha512-rYwY8HpmAwptaQDeNAoccbzbcYteHmL4s+KWVW8Y+NgJugQFhApsFeqs0ljVmuI2TvOmZRivMJwvg6++MdsUaA==}
    engines: {node: '>=18'}

  '@audio/decode-avi@1.1.0':
    resolution: {integrity: sha512-/EczjSR5RG1ZfRZ3aJy1XD82/g54wfqpq+CCo3tooiEvumGpAhUSmAMnQtdJrmE1cY+iximJYwpvjQhJKNDmdg==}
    engines: {node: '>=18'}

  '@audio/decode-caf@1.4.0':
    resolution: {integrity: sha512-pNhc7gX+HSzbaRD8x4P77aE8+08EfC2+TREjVDCgke2aguEPAAKh4sbzgL0IGx34ghUX6BNJPkDutAB8HaC9vw==}
    engines: {node: '>=18'}

  '@audio/decode-dsd@1.0.0':
    resolution: {integrity: sha512-CRO0jS1M7DAeePn8cSDxw41xHDRLe79bZkOGYdCvZkjpdkrMHXR2eVJ6YIge3NX21wM+RLrJuMCmoHVikQcgnA==}
    engines: {node: '>=18'}

  '@audio/decode-dts@1.0.0':
    resolution: {integrity: sha512-WApeOndo8C+3IzncPFg7vwRm9/ZbWjCzB93mx86en/+4/IWpUVz0W/wRINzg5gKGQa23xz5ZwGMGNC0X7i8nJw==}
    engines: {node: '>=18'}

  '@audio/decode-eac3@1.0.0':
    resolution: {integrity: sha512-2UFpJUhI6MBouhP7Dztby5xfTem38Ql1QYxDnqqJAINI65O6xjqGqlxQgpWIwH/oZ2imaRislsTu0X0IrPe3+A==}
    engines: {node: '>=18'}

  '@audio/decode-flac@1.3.5':
    resolution: {integrity: sha512-ZaPeaprVjBpFfTFRjrfzWpxj5MBVJZR0j90g7aCfDTb82KFEdsVaf5cMrrVCKKrnSu0b2VBqXnEm6JZY1poTpA==}
    engines: {node: '>=18'}

  '@audio/decode-mod@1.0.0':
    resolution: {integrity: sha512-tqLhIFdVgokthJjE6UIwFG/LERqBqpp6iYD5wfRFl5g7AppRJMYNHVOQL8SBEfz79lZdmlmOii+KXGvbym2TNg==}
    engines: {node: '>=18'}

  '@audio/decode-mp3@1.3.1':
    resolution: {integrity: sha512-GhGm6C2hwngU+t5uEpUc94jZGCrCIXrgfneDURfK9/2tgFAWHVeckFNsSRmL4+Vd7u32uv8wQamjTnBSlrkVGA==}
    engines: {node: '>=18'}

  '@audio/decode-mp4@1.2.0':
    resolution: {integrity: sha512-/i8D/0DNxISr3JmNtofrNs1LMi2yxbw2patVHzaZSe0Kq+yNKyM7C9hHi02hbv4uCr+BgBZ37ZodwykGbQYSlw==}
    engines: {node: '>=18'}

  '@audio/decode-mpc@1.0.0':
    resolution: {integrity: sha512-oRHDBSHNW8sDjz0QvqlF6gHRh4Gz0zgwqLxc0MBE9hLOBlwshiJ4LuA7XKasRxF3V/zPgYTLOQHhUaWwor7e4w==}
    engines: {node: '>=18'}

  '@audio/decode-opus@1.3.2':
    resolution: {integrity: sha512-uBqOsn2BQURSW2fEdP5vXJeFHMTH9SFCqsNRzmoq/p/u3IaHNsCGPFNhok+VAMlsFIPl4jmP9+z/zJZ0tuvMbg==}
    engines: {node: '>=18'}

  '@audio/decode-qoa@1.3.0':
    resolution: {integrity: sha512-bg1VRc7NwKKDtfqj8/y+RiQnBfz0LLpqdhNJkb6cwYFNzndv/+rl5AmLwCtIf4VnAASeCz4Jw1bE8Af5JB3b3Q==}
    engines: {node: '>=18'}

  '@audio/decode-tta@1.0.0':
    resolution: {integrity: sha512-aTEoPkZmh1BUJ7ewqKhPT3Sk3OSKzoaUxDFp4AJSQLQDE+Bapc3MRTldoxp8VHu2YZSuiJgcfDutz96uGQV41w==}
    engines: {node: '>=18'}

  '@audio/decode-vorbis@1.3.3':
    resolution: {integrity: sha512-6/SxDWpt2A3rU2HbEl7kLqC7ytyKIrplg/Cao4KGBtfQkYbuNT2GEXtFXgdN/Ge9SJWIir2YOHjkMjPQKbrRfw==}
    engines: {node: '>=18'}

  '@audio/decode-wav@1.5.1':
    resolution: {integrity: sha512-/Hq4kblCuKdMceUDVfu+tcNDTWDvzr6Lr2enBXjEnQpyVXcPpEFIDUVU30OXDqyRy+YySIFNfBxFsC/kF3MBGw==}
    engines: {node: '>=18'}

  '@audio/decode-wavpack@1.0.0':
    resolution: {integrity: sha512-yUY2fCABNluzRipAmxGO/FL6MGwx3fZm5RynWtYn2mhBtoqWxa/UycEYLOuZiwgrc8E9u203OeAvBD4E4rlDEw==}
    engines: {node: '>=18'}

  '@audio/decode-webm@1.6.1':
    resolution: {integrity: sha512-Te5A7MOUKV2Eb0y3iIFQMhg0dT8IC2I/8Hwc8BZlsHjU9Ka1qoH+LpWiFPrImOCvRcMDr6hd3qilkvBy3PJRDw==}
    engines: {node: '>=18'}

  '@audio/decode-wma@1.3.1':
    resolution: {integrity: sha512-8lCzy2C4HQ+CuiCnSLH8MfyNiPwQEfH4PBwq0iWovtrwoQfwIfgZnXj9NBXku3bvSpVnmSboPQjk1Ku4Nka+PA==}
    engines: {node: '>=18'}

  '@audio/decode@3.16.2':
    resolution: {integrity: sha512-meR9Y2I0TMbbA6yccSstZVTF6Bdi2aMsVcGmjY2GFvBpfla2eSf4iEMJ/sa4RX+eL8e4AVucgT5m05icBnDC8Q==}
    engines: {node: '>=18'}

  '@audio/resample-polyphase@1.1.0':
    resolution: {integrity: sha512-mSPyTABEzAcF+/kI2gys0+tI9GCJsYQ81tVpzY81rvLCHbop2HVFsbJLVRHHXD8mTGX9c27ggkthF+QnnHLqSA==}
    engines: {node: '>=18'}

  '@audio/speaker-darwin-arm64@2.3.3':
    resolution: {integrity: sha512-0uTpyhB1K1Z9ecf1s58IjgiMZgDZ99nmIaayPHQ0hXoKJeFsb4CIr5M8O/ZH9+sg70folxdhmyryXxxmsQvwtg==}
    engines: {node: '>=18'}
    cpu: [arm64]
    os: [darwin]

  '@audio/speaker-darwin-x64@2.3.3':
    resolution: {integrity: sha512-q3WgBvvxiqjvAK1gCTJXWY6FTk1og38H809I6JTFMdBvDvvjw9Cc2AVNraktY5+40ZexmN7oYaMZ2n2pgvC7cw==}
    engines: {node: '>=18'}
    cpu: [x64]
    os: [darwin]

  '@audio/speaker-linux-arm64@2.3.3':
    resolution: {integrity: sha512-VTvmK92KatC0KOzAEj96rLb6MfXzNOKK4sRDEveXmtS1mlPbXzAK9XoZgOc0UDN4IwU9agIxDFBIcDmbrL1GCg==}
    engines: {node: '>=18'}
    cpu: [arm64]
    os: [linux]

  '@audio/speaker-linux-x64@2.3.3':
    resolution: {integrity: sha512-UqKtHm+EvgGuruA57/1O8ZhU6xgN6C0yFOfVBXFbBb4kkqBa1yiX65bNwKxONpjt24nL/Yv03rUaWaDp2XX00w==}
    engines: {node: '>=18'}
    cpu: [x64]
    os: [linux]

  '@audio/speaker-win32-x64@2.3.3':
    resolution: {integrity: sha512-fD7E3otk2kZjaCC1d5iBOcqvnS6xTrdQRYm0J7FyGnByVFZzol2oG+RSSxUYT2rolMCQvBMWif7vJAyLBcXX9w==}
    engines: {node: '>=18'}
    cpu: [x64]
    os: [win32]

  '@audio/speaker@2.3.3':
    resolution: {integrity: sha512-+NcuJjKig+2tluEtxiP5keSEmqf/dtVWjdqlBy585GKxhZLAj2jrTgrWBUUtk9OFt4uD6A0qlmzMwJVhF7NgCQ==}
    engines: {node: '>=18'}

  '@babel/runtime@7.29.7':
    resolution: {integrity: sha512-Nq8OhGWiZIZGV6hLHoyAKLLcJihP/xFeBMGJoUrxTX2psI8dCifzLhZISFb+VWS3wFMRDmCGw5R+dOySCqPLhw==}
    engines: {node: '>=6.9.0'}

  '@eshaz/web-worker@1.2.2':
    resolution: {integrity: sha512-WxXiHFmD9u/owrzempiDlBB1ZYqiLnm9s6aPc8AlFQalq2tKmqdmMr9GXOupDgzXtqnBipj8Un0gkIm7Sjf8mw==}

  '@gerrit0/mini-shiki@3.23.0':
    resolution: {integrity: sha512-bEMORlG0cqdjVyCEuU0cDQbORWX+kYCeo0kV1lbxF5bt4r7SID2l9bqsxJEM0zndaxpOUT7riCyIVEuqq/Ynxg==}

  '@shikijs/engine-oniguruma@3.23.0':
    resolution: {integrity: sha512-1nWINwKXxKKLqPibT5f4pAFLej9oZzQTsby8942OTlsJzOBZ0MWKiwzMsd+jhzu8YPCHAswGnnN1YtQfirL35g==}

  '@shikijs/langs@3.23.0':
    resolution: {integrity: sha512-2Ep4W3Re5aB1/62RSYQInK9mM3HsLeB91cHqznAJMuylqjzNVAVCMnNWRHFtcNHXsoNRayP9z1qj4Sq3nMqYXg==}

  '@shikijs/themes@3.23.0':
    resolution: {integrity: sha512-5qySYa1ZgAT18HR/ypENL9cUSGOeI2x+4IvYJu4JgVJdizn6kG4ia5Q1jDEOi7gTbN4RbuYtmHh0W3eccOrjMA==}

  '@shikijs/types@3.23.0':
    resolution: {integrity: sha512-3JZ5HXOZfYjsYSk0yPwBrkupyYSLpAE26Qc0HLghhZNGTZg/SKxXIIgoxOpmmeQP0RRSDJTk1/vPfw9tbw+jSQ==}

  '@shikijs/vscode-textmate@10.0.2':
    resolution: {integrity: sha512-83yeghZ2xxin3Nj8z1NMd/NCuca+gsYXswywDy5bHvwlWL8tpTQmzGeUuHd9FC3E/SBEMvzJRwWEOz5gGes9Qg==}

  '@swc/helpers@0.5.23':
    resolution: {integrity: sha512-5lSsMOTXURePglDfvuAQUqkGek9Hg2kksOYay2m0+XR++b2NWYL/4sWyuvVBIs8oKnJaxkdi9whaL/sqN13afw==}

  '@thi.ng/bitstream@2.4.55':
    resolution: {integrity: sha512-9Oj7k8SrPZ/T+ke7nivbNnoTm+fnICzz8jbgN/+JdpeohfplVW64rSiTqgbhzq8BakFa3yxeFjxeFlFZ+2gFYg==}
    engines: {node: '>=18'}

  '@thi.ng/errors@2.6.17':
    resolution: {integrity: sha512-momw7wo3EXes1wa6Smckr+l4BaJi/h+E67R3furYOBjQpciie1OgoTa43PXPb1POsuWxynkEF8OCnQgreE8twg==}
    engines: {node: '>=18'}

  '@types/hast@3.0.5':
    resolution: {integrity: sha512-rp/ezSWaD1m44dPKICGhiskI13nVr7qTloFwDa/IYkhhf5nzwP+zIQcIJh3WIFSBOy/H1PzB40jPjMDksN4F+g==}

  '@types/node@26.6.3':
    resolution: {integrity: sha512-dsqMQQoeTLqu9wynDD00q573mNzso3IdQOAfHRJqLCcmCFPoGo9A1bDpUcv/9tnKpErQWv9uKeGfl37EIS02Yg==}

  '@types/unist@3.0.3':
    resolution: {integrity: sha512-ko/gIFJRv177XgZsZcBwnqJN5x/Gien8qNOn0D5bQU/zAzVf9Zt3BlcUiLqhV9y4ARk0GbT3tnUiPNgnTXzc/Q==}

  '@wasm-audio-decoders/common@9.0.7':
    resolution: {integrity: sha512-WRaUuWSKV7pkttBygml/a6dIEpatq2nnZGFIoPTc5yPLkxL6Wk4YaslPM98OPQvWacvNZ+Py9xROGDtrFBDzag==}

  '@wasm-audio-decoders/flac@0.2.11':
    resolution: {integrity: sha512-bbSGuDDxY89CrS7FYc2cBBfvtgk3EY9As8dVe8PFIgX7ECd/wefdi8UbGlvcdQZczRwE500KBt4cqf/+mMVsfw==}

  '@wasm-audio-decoders/ogg-vorbis@0.1.20':
    resolution: {integrity: sha512-zaQPasU5usRjUDXtXOHYED5tfkR4QMXd+EH3Nrz1+4+M5pCsdD+s9YxJqb0oqnTyRu/KUujOmu5Z/m/NT47vwg==}

  argparse@2.0.1:
    resolution: {integrity: sha512-8+9WqebbFzpX9OR+Wa6O29asIogeRMzcGtAINdpMHHyAg10f05aSFVBbcEqGf/PXw1EjAZ+q2/bEBg3DvurK3Q==}

  audio-buffer@7.3.2:
    resolution: {integrity: sha512-Kq/38pVlPFEqSw01CE2vUm31iSYeT0o7Qjjk9Cj5TKAoEI1MfvWwChH6Wm5k/j9QxA8xmRMLQt/4JPkfnG8aIw==}

  audio-effect@1.0.1:
    resolution: {integrity: sha512-qaL/0T3w+VL3oqK4fY6hQj7JsvwKM1dxYh4uvUPSl3bZCXtA/5u0xc4N/ySKHC42Aa+M/nganTz2IzKFJV0p+g==}
    deprecated: Split into @audio/effect, @audio/dynamics, @audio/spatial, @audio/reverb; pitch-shifting -> @audio/shift

  audio-type@2.8.0:
    resolution: {integrity: sha512-11GuSvJedvhjc7/6JaCHVndKcapelof4jicOTcM6Sn6j+YyZBnd4+7YnQBEJgwAzJ5Ts4yIv8Vfdt8P7/XaNeQ==}
    engines: {node: '>=14'}

  automation-events@7.1.19:
    resolution: {integrity: sha512-cD+TLhJTI0q4AI3ktd353lrGZiVa9AchowSDzQzzGjSoYe22js4vlS32VUtWuaulghi1Yq0KYNWKk9wWuGymPA==}
    engines: {node: '>=18.2.0'}

  balanced-match@4.0.4:
    resolution: {integrity: sha512-BLrgEcRTwX2o6gGxGOCNyMvGSp35YofuYzw9h1IMTRmKqttAZZVU67bdb9Pr2vUHA8+j3i2tJfjO6C6+4myGTA==}
    engines: {node: 18 || 20 || >=22}

  brace-expansion@5.0.12:
    resolution: {integrity: sha512-YovQ3rzhaLMIrDjNDMkNS01tea93qhEhG5xy8f6+R0l+dw3Ki+5sCoIoI942iuLZTHWogWktgwVDhU09iNEimQ==}
    engines: {node: 20 || >=22}

  codec-parser@2.5.0:
    resolution: {integrity: sha512-Ru9t80fV8B0ZiixQl8xhMTLru+dzuis/KQld32/x5T/+3LwZb0/YvQdSKytX9JqCnRdiupvAvyYJINKrXieziQ==}

  core-util-is@1.0.3:
    resolution: {integrity: sha512-ZQBvi1DcpJ4GDqanjucZ2Hj3wEO5pZDS89BWbkcrvdxksJorwUDDZamX9ldFkp9aw2lmBDLgkObEA4DWNJ9FYQ==}

  digital-filter@2.4.2:
    resolution: {integrity: sha512-whhiIcz/YlKqDca8CqpGjMvP4Jly/De2QCCmilPAeKgZFAyzTS62prcdl0pKZOQxhez33pipbsF8WYVY3/9YTA==}
    engines: {node: '>=18'}

  djipevents@2.0.7:
    resolution: {integrity: sha512-KNFYaU85imxOCKOUsIR70Iz9E19r96/X7LSH+u0tSoZdpWcBdzoqtTsU+wuLhc6GMpSFob+KInkZAbfKi01Bjg==}

  entities@4.5.0:
    resolution: {integrity: sha512-V0hjH4dGPh9Ao5p0MoRY6BVqtwCjhz6vI5LT8AJ55H+4g9/4vbHx1I54fS0XuclLhDHArPQCiMjDxjaL8fPxhw==}
    engines: {node: '>=0.12'}

  events@3.3.0:
    resolution: {integrity: sha512-mQw+2fkQbALzQ7V0MY0IqdnXNOeTtP4r0lN9z7AAawCXgqea7bDii20AYrIBrFd/Hx0M2Ocz6S111CaFkUcb0Q==}
    engines: {node: '>=0.8.x'}

  fourier-transform@2.5.0:
    resolution: {integrity: sha512-tr3/SHLHQIexRY2qXLc++FqCzvtzz8wNZN30LJB/wYhVSQls6IbxsuY7dbGIQpLj2rFwVYvUHfztMYYaTtyOVw==}

  immediate@3.0.6:
    resolution: {integrity: sha512-XXOFtyqDjNDAQxVfYxuF7g9Il/IbWmmlQg2MYKOH8ExIT1qg6xc4zyS3HaEEATgs1btfzxq15ciUiY7gjSXRGQ==}

  inherits@2.0.4:
    resolution: {integrity: sha512-k/vGaX4/Yla3WzyMCvTQOXYeIHvqOKtnqBduzTHpzpQZzAskKMhZ2K+EnBiSM9zGSoIFeMpXKxa4dYeZIQqewQ==}

  isarray@1.0.0:
    resolution: {integrity: sha512-VLghIWNM6ELQzo7zwmcg0NmTVyWKYjvIeM83yjp0wRDTmUnrM678fQbcKBo6n2CJEF0szoG//ytg+TKla89ALQ==}

  jazz-midi@1.7.9:
    resolution: {integrity: sha512-c8c4BBgwxdsIr1iVm53nadCrtH7BUlnX3V95ciK/gbvXN/ndE5+POskBalXgqlc/r9p2XUbdLTrgrC6fou5p9w==}
    engines: {node: '>=10.0.0'}

  jszip@3.10.2:
    resolution: {integrity: sha512-3l+rb15IOWtUhU0H5MFqES/T6Kh7abYwjosBey/vD6hDt8zoEffkSC5Ws5SGtgVw3gBx2NEbhTeSW1+kWkpyTQ==}

  jzz@1.9.6:
    resolution: {integrity: sha512-J7ENLhXwfm2BNDKRUrL8eKtPhUS/CtMBpiafxQHDBcOWSocLhearDKEdh+ylnZFcr5OXWTed0gj6l/txeQA9vg==}

  lamejs@1.2.1:
    resolution: {integrity: sha512-s7bxvjvYthw6oPLCm5pFxvA84wUROODB8jEO2+CE1adhKgrIvVOlmMgY8zyugxGrvRaDHNJanOiS21/emty6dQ==}

  lie@3.3.0:
    resolution: {integrity: sha512-UaiMJzeWRlEujzAuw5LokY1L5ecNQYZKfmyZ9L7wDHb/p5etKaxXhohBcrw0EYby+G/NA52vRSN4N39dxHAIwQ==}

  linkify-it@5.0.2:
    resolution: {integrity: sha512-ONTm2jCMAVZjgQa/Fy1kScXsuOoF5NPTsoFBdE1KVIZ2vAh/r9+Bqo+0jINCBYnavTPQZz38QzFTme79ENoN3Q==}

  lunr@2.3.9:
    resolution: {integrity: sha512-zTU3DaZaF3Rt9rhN3uBMGQD3dD2/vFQqnvZCDv4dl5iOzq2IZQqTxu90r4E5J+nP70J3ilqVCrbho2eWaeW8Ow==}

  markdown-it@14.3.2:
    resolution: {integrity: sha512-sHHjZ5fJKlgrG4qns2YwVcdNep35h5fERrfkD2YNsb9UFk0UIHarbiTaHKVMlPuWAoiilyK8Fv/jAm11slsY7Q==}
    hasBin: true

  mdurl@2.1.0:
    resolution: {integrity: sha512-1+HBaOx0zi/dQWht8rNv9MYf9qqpqL/kxI0hXImU6Y547zM6Sni8BQibt7ifgMcYtQg41ao3Ivd6cnSM86inpg==}

  minimatch@10.2.6:
    resolution: {integrity: sha512-vpLQEs+VLCr1nU0BXS07maYoFwlDAH0gngQuuttxIwutDFEMHq2blX+8vpgxDdK3J1PwjCJiep77OitTZ4Ll1A==}
    engines: {node: 18 || 20 || >=22}

  moment@2.31.0:
    resolution: {integrity: sha512-0acOTfMiWOheYS4eoWb80yYMb/JLvVv9SHbs2PehaDzfUG0Bw855SKyk0IKTnPGa5+U2bmi3W68l1+sGLX/pvw==}

  mpg123-decoder@1.0.3:
    resolution: {integrity: sha512-+fjxnWigodWJm3+4pndi+KUg9TBojgn31DPk85zEsim7C6s0X5Ztc/hQYdytXkwuGXH+aB0/aEkG40Emukv6oQ==}

  pako@1.0.11:
    resolution: {integrity: sha512-4hLB8Py4zZce5s4yd9XzopqwVv/yGNhV1Bl8NTmCq1763HeK2+EwVTv+leGeL13Dnh2wfbqowVPXCIO0z4taYw==}

  pcm-convert@3.2.0:
    resolution: {integrity: sha512-usFx+deSGAHpwT9TUsUtJwK0L4Gdmz+sS7eBP3ythCyTEsBcRem1EiM1J7aQw7O0snFcSGj629GhGbbRIEMArA==}

  periodic-function@2.1.2:
    resolution: {integrity: sha512-/plcq6tcduzQC4nnjDKv6g4J8wwTfGghWCKC5puj4wPQ4FcDxRmaJ0V8yIoJ1Vd1xE6tYwx0T3qO6V9zsYIyMQ==}

  process-nextick-args@2.0.1:
    resolution: {integrity: sha512-3ouUOpQhtgrbOa17J7+uxOTpITYWaGP7/AhoR3+A+/1e9skrzelGi/dXzEYyvbxubEF6Wn2ypscTKiKJFFn1ag==}

  punycode.js@2.3.1:
    resolution: {integrity: sha512-uxFIHU0YlHYhDQtV4R9J6a52SLx28BCjT+4ieh7IGbgwVJWO+km431c4yRlREUAsAmt/uMjQUyQHNEPf0M39CA==}
    engines: {node: '>=6'}

  qoa-format@1.0.1:
    resolution: {integrity: sha512-dMB0Z6XQjdpz/Cw4Rf6RiBpQvUSPCfYlQMWvmuWlWkAT7nDQD29cVZ1SwDUB6DYJSitHENwbt90lqfI+7bvMcw==}

  readable-stream@2.3.8:
    resolution: {integrity: sha512-8p0AUk4XODgIewSi0l8Epjs+EVnWiK7NoDIEGU0HhE7+ZyY8D1IMY7odu5lRrFXGg71L15KG8QrPmum45RTtdA==}

  safe-buffer@5.1.2:
    resolution: {integrity: sha512-Gd2UZBJDkXlY7GbJxfsE8/nvKkUEU1G38c1siN6QP6a9PT9MmHB8GnpscSmMJSoF8LOIrt8ud/wPtojys4G6+g==}

  setimmediate@1.0.5:
    resolution: {integrity: sha512-MATJdZp8sLqDl/68LfQmbP8zKPLQNV6BIZoIgrscFDQ+RsvK/BxeDQOgyxKKoh0y/8h3BqVFnCqQ/gd+reiIXA==}

  simple-yenc@1.0.4:
    resolution: {integrity: sha512-5gvxpSd79e9a3V4QDYUqnqxeD4HGlhCakVpb6gMnDD7lexJggSBJRBO5h52y/iJrdXRilX9UCuDaIJhSWm5OWw==}

  string_decoder@1.1.1:
    resolution: {integrity: sha512-n/ShnvDi6FHbbVfviro+WojiFzv+s8MPMHBczVePfUpDJLwoLT0ht1l4YwBCbi8pJAveEEdnkHyPyTP/mzRfwg==}

  tslib@2.8.1:
    resolution: {integrity: sha512-oJFu94HQb+KVduSUQL7wnpmqnfmLsOA/nAh6b6EH0wCEoK0/mPeXU6c3wKDV83MkOuHPRHtSXKKU99IBazS/2w==}

  typedoc@0.28.20:
    resolution: {integrity: sha512-uSKqkh8Cr48vllnEy+jdaAgOeR6Y+QCBW7usgUsKj7gJEfR7stw9U/fE49LBnj2tPRKPY0c0EBJSWe9Appmplg==}
    engines: {node: '>= 18', pnpm: '>= 10'}
    hasBin: true
    peerDependencies:
      typescript: 5.0.x || 5.1.x || 5.2.x || 5.3.x || 5.4.x || 5.5.x || 5.6.x || 5.7.x || 5.8.x || 5.9.x || 6.0.x

  typescript@5.9.3:
    resolution: {integrity: sha512-jl1vZzPDinLr9eUt3J/t7V6FgNEw9QjvBPdysz9KfQDD41fQrC2Y4vKQdiaUpFT4bXlb1RHhLpp8wtm6M5TgSw==}
    engines: {node: '>=14.17'}
    hasBin: true

  uc.micro@2.1.0:
    resolution: {integrity: sha512-ARDJmphmdvUk6Glw7y9DQ2bFkKBHwQHLi2lsaH6PPmz/Ka9sFOBsBluozhDltWmnv9u/cF6Rt87znRTPV+yp/A==}

  undici-types@8.9.0:
    resolution: {integrity: sha512-KTDyRTYX8sWmKXAikPHHSyc63CRPETMctyjKFupcC6OBLXT3xsN0e9aF7m+mIXutFWpUXuedtowG7iLOzp0kQg==}

  use-strict@1.0.1:
    resolution: {integrity: sha512-IeiWvvEXfW5ltKVMkxq6FvNf2LojMKvB2OCeja6+ct24S1XOmQw2dGr2JyndwACWAGJva9B7yPHwAmeA9QCqAQ==}

  util-deprecate@1.0.2:
    resolution: {integrity: sha512-EPD5q1uXyFxJpCrLnCc1nHnq3gOa6DZBocAIiI2TaSCA7VCJ1UJDMagCzIkXNsUYfD1daK//LTEQ8xiIbrHtcw==}

  wasm-media-encoders@0.7.0:
    resolution: {integrity: sha512-Sp4wUasgxOK/IFfNhpon6LQQgYGwtpxyV4isjGIe1rvhnJL3w2KYr4f+CdqDNtGPDcgCDRY+uBanVfSx6Si0WQ==}
    engines: {node: '>= 10'}

  web-audio-api@1.5.6:
    resolution: {integrity: sha512-GB2zRdnmVueX8leXRD+J2I3Judet8qVt3k+CUnJUBOfeIZXk9Pgl/anjrIWg8eA6bF6mqRKzi2Jt+vFlS9DREw==}
    engines: {node: '>=18'}
    hasBin: true
    peerDependencies:
      '@audio/mic': ^1.1.3
    peerDependenciesMeta:
      '@audio/mic':
        optional: true

  webmidi@3.3.1:
    resolution: {integrity: sha512-nbJPD3mtV4FbuaOsvgmyInBAnkU3yA0HDzidKtFRK4gweGfodoGEFo6Egddgxzlrk+pk887mwgkxGafrsujfLA==}
    engines: {node: '>=8.5'}

  window-function@3.0.3:
    resolution: {integrity: sha512-iSmD/0wDE9diI0TGqSn9ht7FhpTUsNrYkj0nb7Hmu7Ej4a6s+dLnCb0IaFIMFKno0brw5eingn6QouoMArIzvw==}
    engines: {node: '>=18'}

  yaml@2.9.1:
    resolution: {integrity: sha512-3NxN8+78OdzbT7C/WjGsyfPAtJaN3FNDsWxv7Y7mcDsT/oOmgW8BpyQQFFBnvZE3j9Y2Sdz1ULFLezL7Eb2yFw==}
    engines: {node: '>= 14.6'}
    hasBin: true

snapshots:

  '@audio/decode-aac@1.5.0': {}

  '@audio/decode-ac3@1.0.0': {}

  '@audio/decode-aiff@1.3.0': {}

  '@audio/decode-amr@1.3.1': {}

  '@audio/decode-avi@1.1.0':
    dependencies:
      '@audio/decode-aac': 1.5.0
      '@audio/decode-ac3': 1.0.0
      '@audio/decode-dts': 1.0.0
      '@audio/decode-mp3': 1.3.1

  '@audio/decode-caf@1.4.0': {}

  '@audio/decode-dsd@1.0.0':
    dependencies:
      '@audio/decode-mp3': 1.3.1

  '@audio/decode-dts@1.0.0': {}

  '@audio/decode-eac3@1.0.0': {}

  '@audio/decode-flac@1.3.5':
    dependencies:
      '@wasm-audio-decoders/flac': 0.2.11
      codec-parser: 2.5.0

  '@audio/decode-mod@1.0.0': {}

  '@audio/decode-mp3@1.3.1':
    dependencies:
      mpg123-decoder: 1.0.3

  '@audio/decode-mp4@1.2.0':
    dependencies:
      '@audio/decode-aac': 1.5.0
      '@audio/decode-ac3': 1.0.0
      '@audio/decode-amr': 1.3.1
      '@audio/decode-dts': 1.0.0
      '@audio/decode-eac3': 1.0.0
      '@audio/decode-flac': 1.3.5
      '@audio/decode-mp3': 1.3.1
      '@audio/decode-opus': 1.3.2

  '@audio/decode-mpc@1.0.0': {}

  '@audio/decode-opus@1.3.2':
    dependencies:
      codec-parser: 2.5.0

  '@audio/decode-qoa@1.3.0':
    dependencies:
      qoa-format: 1.0.1

  '@audio/decode-tta@1.0.0': {}

  '@audio/decode-vorbis@1.3.3':
    dependencies:
      '@wasm-audio-decoders/ogg-vorbis': 0.1.20
      codec-parser: 2.5.0

  '@audio/decode-wav@1.5.1': {}

  '@audio/decode-wavpack@1.0.0': {}

  '@audio/decode-webm@1.6.1':
    dependencies:
      '@audio/decode-aac': 1.5.0
      '@audio/decode-ac3': 1.0.0
      '@audio/decode-dts': 1.0.0
      '@audio/decode-eac3': 1.0.0
      '@audio/decode-flac': 1.3.5
      '@audio/decode-mp3': 1.3.1
      '@audio/decode-opus': 1.3.2
      '@audio/decode-vorbis': 1.3.3

  '@audio/decode-wma@1.3.1': {}

  '@audio/decode@3.16.2':
    dependencies:
      '@audio/decode-aac': 1.5.0
      '@audio/decode-ac3': 1.0.0
      '@audio/decode-aiff': 1.3.0
      '@audio/decode-amr': 1.3.1
      '@audio/decode-avi': 1.1.0
      '@audio/decode-caf': 1.4.0
      '@audio/decode-dsd': 1.0.0
      '@audio/decode-dts': 1.0.0
      '@audio/decode-flac': 1.3.5
      '@audio/decode-mod': 1.0.0
      '@audio/decode-mp3': 1.3.1
      '@audio/decode-mp4': 1.2.0
      '@audio/decode-mpc': 1.0.0
      '@audio/decode-opus': 1.3.2
      '@audio/decode-qoa': 1.3.0
      '@audio/decode-tta': 1.0.0
      '@audio/decode-vorbis': 1.3.3
      '@audio/decode-wav': 1.5.1
      '@audio/decode-wavpack': 1.0.0
      '@audio/decode-webm': 1.6.1
      '@audio/decode-wma': 1.3.1
      audio-type: 2.8.0

  '@audio/resample-polyphase@1.1.0': {}

  '@audio/speaker-darwin-arm64@2.3.3':
    optional: true

  '@audio/speaker-darwin-x64@2.3.3':
    optional: true

  '@audio/speaker-linux-arm64@2.3.3':
    optional: true

  '@audio/speaker-linux-x64@2.3.3':
    optional: true

  '@audio/speaker-win32-x64@2.3.3':
    optional: true

  '@audio/speaker@2.3.3':
    optionalDependencies:
      '@audio/speaker-darwin-arm64': 2.3.3
      '@audio/speaker-darwin-x64': 2.3.3
      '@audio/speaker-linux-arm64': 2.3.3
      '@audio/speaker-linux-x64': 2.3.3
      '@audio/speaker-win32-x64': 2.3.3

  '@babel/runtime@7.29.7': {}

  '@eshaz/web-worker@1.2.2': {}

  '@gerrit0/mini-shiki@3.23.0':
    dependencies:
      '@shikijs/engine-oniguruma': 3.23.0
      '@shikijs/langs': 3.23.0
      '@shikijs/themes': 3.23.0
      '@shikijs/types': 3.23.0
      '@shikijs/vscode-textmate': 10.0.2

  '@shikijs/engine-oniguruma@3.23.0':
    dependencies:
      '@shikijs/types': 3.23.0
      '@shikijs/vscode-textmate': 10.0.2

  '@shikijs/langs@3.23.0':
    dependencies:
      '@shikijs/types': 3.23.0

  '@shikijs/themes@3.23.0':
    dependencies:
      '@shikijs/types': 3.23.0

  '@shikijs/types@3.23.0':
    dependencies:
      '@shikijs/vscode-textmate': 10.0.2
      '@types/hast': 3.0.5

  '@shikijs/vscode-textmate@10.0.2': {}

  '@swc/helpers@0.5.23':
    dependencies:
      tslib: 2.8.1

  '@thi.ng/bitstream@2.4.55':
    dependencies:
      '@thi.ng/errors': 2.6.17

  '@thi.ng/errors@2.6.17': {}

  '@types/hast@3.0.5':
    dependencies:
      '@types/unist': 3.0.3

  '@types/node@26.6.3':
    dependencies:
      undici-types: 8.9.0

  '@types/unist@3.0.3': {}

  '@wasm-audio-decoders/common@9.0.7':
    dependencies:
      '@eshaz/web-worker': 1.2.2
      simple-yenc: 1.0.4

  '@wasm-audio-decoders/flac@0.2.11':
    dependencies:
      '@wasm-audio-decoders/common': 9.0.7
      codec-parser: 2.5.0

  '@wasm-audio-decoders/ogg-vorbis@0.1.20':
    dependencies:
      '@wasm-audio-decoders/common': 9.0.7
      codec-parser: 2.5.0

  argparse@2.0.1: {}

  audio-buffer@7.3.2: {}

  audio-effect@1.0.1: {}

  audio-type@2.8.0: {}

  automation-events@7.1.19:
    dependencies:
      '@babel/runtime': 7.29.7
      tslib: 2.8.1

  balanced-match@4.0.4: {}

  brace-expansion@5.0.12:
    dependencies:
      balanced-match: 4.0.4

  codec-parser@2.5.0: {}

  core-util-is@1.0.3: {}

  digital-filter@2.4.2:
    dependencies:
      window-function: 3.0.3

  djipevents@2.0.7:
    dependencies:
      '@babel/runtime': 7.29.7

  entities@4.5.0: {}

  events@3.3.0: {}

  fourier-transform@2.5.0: {}

  immediate@3.0.6: {}

  inherits@2.0.4: {}

  isarray@1.0.0: {}

  jazz-midi@1.7.9:
    optional: true

  jszip@3.10.2:
    dependencies:
      lie: 3.3.0
      pako: 1.0.11
      readable-stream: 2.3.8
      setimmediate: 1.0.5

  jzz@1.9.6:
    dependencies:
      jazz-midi: 1.7.9
    optional: true

  lamejs@1.2.1:
    dependencies:
      use-strict: 1.0.1

  lie@3.3.0:
    dependencies:
      immediate: 3.0.6

  linkify-it@5.0.2:
    dependencies:
      uc.micro: 2.1.0

  lunr@2.3.9: {}

  markdown-it@14.3.2:
    dependencies:
      argparse: 2.0.1
      entities: 4.5.0
      linkify-it: 5.0.2
      mdurl: 2.1.0
      punycode.js: 2.3.1
      uc.micro: 2.1.0

  mdurl@2.1.0: {}

  minimatch@10.2.6:
    dependencies:
      brace-expansion: 5.0.12

  moment@2.31.0: {}

  mpg123-decoder@1.0.3:
    dependencies:
      '@wasm-audio-decoders/common': 9.0.7

  pako@1.0.11: {}

  pcm-convert@3.2.0:
    dependencies:
      '@audio/resample-polyphase': 1.1.0

  periodic-function@2.1.2: {}

  process-nextick-args@2.0.1: {}

  punycode.js@2.3.1: {}

  qoa-format@1.0.1:
    dependencies:
      '@thi.ng/bitstream': 2.4.55

  readable-stream@2.3.8:
    dependencies:
      core-util-is: 1.0.3
      inherits: 2.0.4
      isarray: 1.0.0
      process-nextick-args: 2.0.1
      safe-buffer: 5.1.2
      string_decoder: 1.1.1
      util-deprecate: 1.0.2

  safe-buffer@5.1.2: {}

  setimmediate@1.0.5: {}

  simple-yenc@1.0.4: {}

  string_decoder@1.1.1:
    dependencies:
      safe-buffer: 5.1.2

  tslib@2.8.1: {}

  typedoc@0.28.20(typescript@5.9.3):
    dependencies:
      '@gerrit0/mini-shiki': 3.23.0
      lunr: 2.3.9
      markdown-it: 14.3.2
      minimatch: 10.2.6
      typescript: 5.9.3
      yaml: 2.9.1

  typescript@5.9.3: {}

  uc.micro@2.1.0: {}

  undici-types@8.9.0: {}

  use-strict@1.0.1: {}

  util-deprecate@1.0.2: {}

  wasm-media-encoders@0.7.0:
    dependencies:
      '@swc/helpers': 0.5.23

  web-audio-api@1.5.6:
    dependencies:
      '@audio/decode': 3.16.2
      '@audio/speaker': 2.3.3
      audio-buffer: 7.3.2
      audio-effect: 1.0.1
      automation-events: 7.1.19
      digital-filter: 2.4.2
      fourier-transform: 2.5.0
      pcm-convert: 3.2.0
      periodic-function: 2.1.2

  webmidi@3.3.1:
    dependencies:
      djipevents: 2.0.7
    optionalDependencies:
      jzz: 1.9.6

  window-function@3.0.3: {}

  yaml@2.9.1: {}
